
Microsoft Visual Studio Solution File, Format Version 12.00
# Visual Studio Version 16
VisualStudioVersion = 16.0.31025.194
MinimumVisualStudioVersion = 10.0.40219.1
Project("{FAE04EC0-301F-11D3-BF4B-00C04F79EFBC}") = "DIO.Bank", "DIO.Bank\DIO.Bank.csproj", "{15FB488E-5017-4B5F-AD41-068C556E1915}"
EndProject
Global
	GlobalSection(SolutionConfigurationPlatforms) = preSolution
		Debug|Any CPU = Debug|Any CPU
		Release|Any CPU = Release|Any CPU
	EndGlobalSection
	GlobalSection(ProjectConfigurationPlatforms) = postSolution
		{15FB488E-5017-4B5F-AD41-068C556E1915}.Debug|Any CPU.ActiveCfg = Debug|Any CPU
		{15FB488E-5017-4B5F-AD41-068C556E1915}.Debug|Any CPU.Build.0 = Debug|Any CPU
		{15FB488E-5017-4B5F-AD41-068C556E1915}.Release|Any CPU.ActiveCfg = Release|Any CPU
		{15FB488E-5017-4B5F-AD41-068C556E1915}.Release|Any CPU.Build.0 = Release|Any CPU
	EndGlobalSection
	GlobalSection(SolutionProperties) = preSolution
		HideSolutionNode = FALSE
	EndGlobalSection
	GlobalSection(ExtensibilityGlobals) = postSolution
		SolutionGuid = {37E40EA9-3B5E-4595-91CA-8FCB41A44BF8}
	EndGlobalSection
EndGlobal
